{
  "name": "github-copilot-customization-hackathon-260916",
  "version": "0.1.0",
  "lockfileVersion": 3,
  "requires": true,
  "packages": {
    "": {
      "name": "github-copilot-customization-hackathon-260916",
      "version": "0.1.0",
      "license": "UNLICENSED",
      "dependencies": {
        "markdown-it": "15.0.1"
      },
      "engines": {
        "node": ">=22"
      }
    },
    "node_modules/argparse": {
      "version": "3.0.1",
      "integrity": "sha1-MorReY9atVWKE/sz0cs7sHK1wPg=",
      "funding": [
        {
          "type": "github",
          "url": "https://github.com/sponsors/puzrin"
        },
        {
          "type": "github",
          "url": "https://github.com/sponsors/nodeca"
        }
      ],
      "license": "PSF-2.0"
    },
    "node_modules/entities": {
      "version": "8.0.0",
      "integrity": "sha1-wd9f42AkKXR/ojPQ3SbxQvDOR0M=",
      "license": "BSD-2-Clause",
      "engines": {
        "node": ">=20.19.0"
      },
      "funding": {
        "url": "https://github.com/fb55/entities?sponsor=1"
      }
    },
    "node_modules/linkify-it": {
      "version": "6.1.0",
      "integrity": "sha1-zXUNcP6SletxaeYy7mek/0Pn9i0=",
      "funding": [
        {
          "type": "github",
          "url": "https://github.com/sponsors/puzrin"
        },
        {
          "type": "github",
          "url": "https://github.com/sponsors/markdown-it"
        }
      ],
      "license": "MIT",
      "dependencies": {
        "uc.micro": "^3.0.0"
      }
    },
    "node_modules/markdown-it": {
      "version": "15.0.1",
      "integrity": "sha1-M7h+r/8P6wjL717f2bwgs9kg9dg=",
      "funding": [
        {
          "type": "github",
          "url": "https://github.com/sponsors/puzrin"
        },
        {
          "type": "github",
          "url": "https://github.com/sponsors/markdown-it"
        }
      ],
      "license": "MIT",
      "dependencies": {
        "argparse": "^3.0.0",
        "entities": "^8.0.0",
        "linkify-it": "^6.0.0",
        "mdurl": "^2.1.0",
        "punycode.js": "^2.3.1",
        "uc.micro": "^3.0.0"
      },
      "bin": {
        "markdown-it": "bin/markdown-it.mjs"
      }
    },
    "node_modules/mdurl": {
      "version": "2.1.0",
      "integrity": "sha1-1xHT97zn8ixIfJG+eFRfNW+pZXM=",
      "license": "MIT"
    },
    "node_modules/punycode.js": {
      "version": "2.3.1",
      "integrity": "sha1-a1PlatdViCNOefSv+pCXLH3Yzbc=",
      "license": "MIT",
      "engines": {
        "node": ">=6"
      }
    },
    "node_modules/uc.micro": {
      "version": "3.0.0",
      "integrity": "sha1-ZNbLC/4qVYzg7HyMDciKAtiY9QY=",
      "license": "MIT"
    }
  }
}
